{
  "version": 4,
  "terraform_version": "1.11.4",
  "serial": 9,
  "lineage": "655b0692-d7b2-c4a5-150f-2b3616c5496d",
  "outputs": {},
  "resources": [
    {
      "mode": "data",
      "type": "google_compute_network",
      "name": "lab_vpc",
      "provider": "provider[\"registry.terraform.io/hashicorp/google\"]",
      "instances": [
        {
          "schema_version": 0,
          "attributes": {
            "description": "",
            "gateway_ipv4": "",
            "id": "projects/fresh-waters-458716-e1/global/networks/lab-vpc",
            "internal_ipv6_range": "",
            "name": "lab-vpc",
            "network_id": -1232357572,
            "network_profile": "",
            "numeric_id": "-1232357572",
            "project": null,
            "self_link": "https://www.googleapis.com/compute/v1/projects/fresh-waters-458716-e1/global/networks/lab-vpc",
            "subnetworks_self_links": [
              "https://www.googleapis.com/compute/v1/projects/fresh-waters-458716-e1/regions/us-east4/subnetworks/lab-subnet"
            ]
          },
          "sensitive_attributes": []
        }
      ]
    },
    {
      "mode": "data",
      "type": "google_compute_network",
      "name": "vpc",
      "provider": "provider[\"registry.terraform.io/hashicorp/google\"]",
      "instances": [
        {
          "schema_version": 0,
          "attributes": {
            "description": "",
            "gateway_ipv4": "",
            "id": "projects/fresh-waters-458716-e1/global/networks/my-vpc",
            "internal_ipv6_range": "",
            "name": "my-vpc",
            "network_id": -1232154237,
            "network_profile": "",
            "numeric_id": "-1232154237",
            "project": null,
            "self_link": "https://www.googleapis.com/compute/v1/projects/fresh-waters-458716-e1/global/networks/my-vpc",
            "subnetworks_self_links": [
              "https://www.googleapis.com/compute/v1/projects/fresh-waters-458716-e1/regions/us-east4/subnetworks/subnet-2",
              "https://www.googleapis.com/compute/v1/projects/fresh-waters-458716-e1/regions/us-east4/subnetworks/subnet-1"
            ]
          },
          "sensitive_attributes": []
        }
      ]
    },
    {
      "mode": "data",
      "type": "google_compute_subnetwork",
      "name": "lab_subnet",
      "provider": "provider[\"registry.terraform.io/hashicorp/google\"]",
      "instances": [
        {
          "schema_version": 0,
          "attributes": {
            "description": "",
            "external_ipv6_prefix": "",
            "gateway_address": "10.30.0.1",
            "id": "projects/fresh-waters-458716-e1/regions/us-east4/subnetworks/lab-subnet",
            "internal_ipv6_prefix": "",
            "ip_cidr_range": "10.30.0.0/24",
            "ipv6_access_type": "",
            "name": "lab-subnet",
            "network": "https://www.googleapis.com/compute/v1/projects/fresh-waters-458716-e1/global/networks/lab-vpc",
            "private_ip_google_access": false,
            "project": "fresh-waters-458716-e1",
            "region": "us-east4",
            "secondary_ip_range": [],
            "self_link": "https://www.googleapis.com/compute/v1/projects/fresh-waters-458716-e1/regions/us-east4/subnetworks/lab-subnet",
            "stack_type": "IPV4_ONLY",
            "subnetwork_id": -1232357584
          },
          "sensitive_attributes": []
        }
      ]
    },
    {
      "mode": "data",
      "type": "google_compute_subnetwork",
      "name": "subnet",
      "provider": "provider[\"registry.terraform.io/hashicorp/google\"]",
      "instances": [
        {
          "schema_version": 0,
          "attributes": {
            "description": "",
            "external_ipv6_prefix": "",
            "gateway_address": "10.20.0.1",
            "id": "projects/fresh-waters-458716-e1/regions/us-east4/subnetworks/subnet-1",
            "internal_ipv6_prefix": "",
            "ip_cidr_range": "10.20.0.0/24",
            "ipv6_access_type": "",
            "name": "subnet-1",
            "network": "https://www.googleapis.com/compute/v1/projects/fresh-waters-458716-e1/global/networks/my-vpc",
            "private_ip_google_access": false,
            "project": "fresh-waters-458716-e1",
            "region": "us-east4",
            "secondary_ip_range": [],
            "self_link": "https://www.googleapis.com/compute/v1/projects/fresh-waters-458716-e1/regions/us-east4/subnetworks/subnet-1",
            "stack_type": "IPV4_ONLY",
            "subnetwork_id": -1232358181
          },
          "sensitive_attributes": []
        }
      ]
    },
    {
      "mode": "managed",
      "type": "google_compute_instance",
      "name": "fortigate",
      "provider": "provider[\"registry.terraform.io/hashicorp/google\"]",
      "instances": [
        {
          "schema_version": 6,
          "attributes": {
            "advanced_machine_features": [],
            "allow_stopping_for_update": null,
            "attached_disk": [],
            "boot_disk": [
              {
                "auto_delete": true,
                "device_name": "persistent-disk-0",
                "disk_encryption_key_raw": "",
                "disk_encryption_key_rsa": "",
                "disk_encryption_key_sha256": "",
                "disk_encryption_service_account": "",
                "guest_os_features": [],
                "initialize_params": [
                  {
                    "architecture": "",
                    "enable_confidential_compute": false,
                    "image": "https://www.googleapis.com/compute/v1/projects/mpi-fortigcp-project-001/global/images/fortinet-fgtondemand-6415-20240208-001-w-license",
                    "labels": {},
                    "provisioned_iops": 0,
                    "provisioned_throughput": 0,
                    "resource_manager_tags": null,
                    "resource_policies": [],
                    "size": 10,
                    "snapshot": "",
                    "source_image_encryption_key": [],
                    "source_snapshot_encryption_key": [],
                    "storage_pool": "",
                    "type": "pd-standard"
                  }
                ],
                "interface": "",
                "kms_key_self_link": "",
                "mode": "READ_WRITE",
                "source": "https://www.googleapis.com/compute/v1/projects/fresh-waters-458716-e1/zones/us-east4-b/disks/fortigate-payg"
              }
            ],
            "can_ip_forward": true,
            "confidential_instance_config": [],
            "cpu_platform": "Intel Broadwell",
            "creation_timestamp": "2025-05-15T08:55:09.797-07:00",
            "current_status": "RUNNING",
            "deletion_protection": false,
            "description": "",
            "desired_status": null,
            "effective_labels": {
              "goog-terraform-provisioned": "true"
            },
            "enable_display": false,
            "guest_accelerator": [],
            "hostname": "",
            "id": "projects/fresh-waters-458716-e1/zones/us-east4-b/instances/fortigate-payg",
            "instance_encryption_key": [],
            "instance_id": "4979764104576872626",
            "key_revocation_action_type": "",
            "label_fingerprint": "vezUS-42LLM=",
            "labels": null,
            "machine_type": "e2-standard-2",
            "metadata": {
              "enable-guest-attributes": "true",
              "serial-port-enable": "true",
              "startup-script": "config system interface\r\n  edit port1\r\n    set mode dhcp\r\n    set allowaccess ping https ssh http fgfm\r\n  next\r\nend\r\n\r\nconfig router static\r\n  edit 1\r\n    set dst 0.0.0.0/0\r\n    set gateway 10.20.0.1\r\n    set device port1\r\n  next\r\nend\r\n"
            },
            "metadata_fingerprint": "TsUTUS7b-W8=",
            "metadata_startup_script": null,
            "min_cpu_platform": "",
            "name": "fortigate-payg",
            "network_interface": [
              {
                "access_config": [
                  {
                    "nat_ip": "34.145.170.224",
                    "network_tier": "PREMIUM",
                    "public_ptr_domain_name": ""
                  }
                ],
                "alias_ip_range": [],
                "internal_ipv6_prefix_length": 0,
                "ipv6_access_config": [],
                "ipv6_access_type": "",
                "ipv6_address": "",
                "name": "nic0",
                "network": "https://www.googleapis.com/compute/v1/projects/fresh-waters-458716-e1/global/networks/my-vpc",
                "network_attachment": "",
                "network_ip": "10.20.0.4",
                "nic_type": "",
                "queue_count": 0,
                "stack_type": "IPV4_ONLY",
                "subnetwork": "https://www.googleapis.com/compute/v1/projects/fresh-waters-458716-e1/regions/us-east4/subnetworks/subnet-1",
                "subnetwork_project": "fresh-waters-458716-e1"
              },
              {
                "access_config": [],
                "alias_ip_range": [],
                "internal_ipv6_prefix_length": 0,
                "ipv6_access_config": [],
                "ipv6_access_type": "",
                "ipv6_address": "",
                "name": "nic1",
                "network": "https://www.googleapis.com/compute/v1/projects/fresh-waters-458716-e1/global/networks/lab-vpc",
                "network_attachment": "",
                "network_ip": "10.30.0.4",
                "nic_type": "",
                "queue_count": 0,
                "stack_type": "IPV4_ONLY",
                "subnetwork": "https://www.googleapis.com/compute/v1/projects/fresh-waters-458716-e1/regions/us-east4/subnetworks/lab-subnet",
                "subnetwork_project": "fresh-waters-458716-e1"
              }
            ],
            "network_performance_config": [],
            "params": [],
            "project": "fresh-waters-458716-e1",
            "reservation_affinity": [],
            "resource_policies": null,
            "scheduling": [
              {
                "automatic_restart": true,
                "availability_domain": 0,
                "instance_termination_action": "",
                "local_ssd_recovery_timeout": [],
                "max_run_duration": [],
                "min_node_cpus": 0,
                "node_affinities": [],
                "on_host_maintenance": "MIGRATE",
                "on_instance_stop_action": [],
                "preemptible": false,
                "provisioning_model": "STANDARD",
                "termination_time": ""
              }
            ],
            "scratch_disk": [],
            "self_link": "https://www.googleapis.com/compute/v1/projects/fresh-waters-458716-e1/zones/us-east4-b/instances/fortigate-payg",
            "service_account": [],
            "shielded_instance_config": [],
            "tags": [
              "ssh-allowed"
            ],
            "tags_fingerprint": "deFdPrrhaGg=",
            "terraform_labels": {
              "goog-terraform-provisioned": "true"
            },
            "timeouts": null,
            "zone": "us-east4-b"
          },
          "sensitive_attributes": [
            [
              {
                "type": "get_attr",
                "value": "boot_disk"
              },
              {
                "type": "index",
                "value": {
                  "value": 0,
                  "type": "number"
                }
              },
              {
                "type": "get_attr",
                "value": "disk_encryption_key_rsa"
              }
            ],
            [
              {
                "type": "get_attr",
                "value": "boot_disk"
              },
              {
                "type": "index",
                "value": {
                  "value": 0,
                  "type": "number"
                }
              },
              {
                "type": "get_attr",
                "value": "disk_encryption_key_raw"
              }
            ]
          ],
          "private": "eyJlMmJmYjczMC1lY2FhLTExZTYtOGY4OC0zNDM2M2JjN2M0YzAiOnsiY3JlYXRlIjoxMjAwMDAwMDAwMDAwLCJkZWxldGUiOjEyMDAwMDAwMDAwMDAsInVwZGF0ZSI6MTIwMDAwMDAwMDAwMH0sInNjaGVtYV92ZXJzaW9uIjoiNiJ9",
          "dependencies": [
            "data.google_compute_network.lab_vpc",
            "data.google_compute_network.vpc",
            "data.google_compute_subnetwork.lab_subnet",
            "data.google_compute_subnetwork.subnet"
          ]
        }
      ]
    },
    {
      "mode": "managed",
      "type": "google_compute_instance",
      "name": "snmp_server",
      "provider": "provider[\"registry.terraform.io/hashicorp/google\"]",
      "instances": [
        {
          "schema_version": 6,
          "attributes": {
            "advanced_machine_features": [],
            "allow_stopping_for_update": null,
            "attached_disk": [],
            "boot_disk": [
              {
                "auto_delete": true,
                "device_name": "persistent-disk-0",
                "disk_encryption_key_raw": "",
                "disk_encryption_key_rsa": "",
                "disk_encryption_key_sha256": "",
                "disk_encryption_service_account": "",
                "guest_os_features": [
                  "VIRTIO_SCSI_MULTIQUEUE",
                  "SEV_CAPABLE",
                  "SEV_SNP_CAPABLE",
                  "SEV_LIVE_MIGRATABLE",
                  "SEV_LIVE_MIGRATABLE_V2",
                  "IDPF",
                  "TDX_CAPABLE",
                  "UEFI_COMPATIBLE",
                  "GVNIC"
                ],
                "initialize_params": [
                  {
                    "architecture": "X86_64",
                    "enable_confidential_compute": false,
                    "image": "https://www.googleapis.com/compute/v1/projects/ubuntu-os-cloud/global/images/ubuntu-2204-jammy-v20250508",
                    "labels": {},
                    "provisioned_iops": 0,
                    "provisioned_throughput": 0,
                    "resource_manager_tags": {},
                    "resource_policies": [],
                    "size": 10,
                    "snapshot": "",
                    "source_image_encryption_key": [],
                    "source_snapshot_encryption_key": [],
                    "storage_pool": "",
                    "type": "pd-standard"
                  }
                ],
                "interface": "",
                "kms_key_self_link": "",
                "mode": "READ_WRITE",
                "source": "https://www.googleapis.com/compute/v1/projects/fresh-waters-458716-e1/zones/us-east4-b/disks/snmp-server"
              }
            ],
            "can_ip_forward": false,
            "confidential_instance_config": [],
            "cpu_platform": "Intel Broadwell",
            "creation_timestamp": "2025-05-15T08:38:14.181-07:00",
            "current_status": "RUNNING",
            "deletion_protection": false,
            "description": "",
            "desired_status": null,
            "effective_labels": {
              "goog-terraform-provisioned": "true"
            },
            "enable_display": false,
            "guest_accelerator": [],
            "hostname": "",
            "id": "projects/fresh-waters-458716-e1/zones/us-east4-b/instances/snmp-server",
            "instance_encryption_key": [],
            "instance_id": "3774421952891696265",
            "key_revocation_action_type": "",
            "label_fingerprint": "vezUS-42LLM=",
            "labels": {},
            "machine_type": "e2-micro",
            "metadata": {},
            "metadata_fingerprint": "Ri-saHvFx4g=",
            "metadata_startup_script": "#!/bin/bash\r\napt-get update\r\napt-get install -y snmpd\r\nsed -i 's/^agentAddress .*/agentAddress udp:161/' /etc/snmp/snmpd.conf\r\nsed -i 's/^# rocommunity.*/rocommunity public default -V systemonly/' /etc/snmp/snmpd.conf\r\nsystemctl restart snmpd\r\n",
            "min_cpu_platform": "",
            "name": "snmp-server",
            "network_interface": [
              {
                "access_config": [
                  {
                    "nat_ip": "35.212.123.201",
                    "network_tier": "STANDARD",
                    "public_ptr_domain_name": ""
                  }
                ],
                "alias_ip_range": [],
                "internal_ipv6_prefix_length": 0,
                "ipv6_access_config": [],
                "ipv6_access_type": "",
                "ipv6_address": "",
                "name": "nic0",
                "network": "https://www.googleapis.com/compute/v1/projects/fresh-waters-458716-e1/global/networks/my-vpc",
                "network_attachment": "",
                "network_ip": "10.20.0.99",
                "nic_type": "",
                "queue_count": 0,
                "stack_type": "IPV4_ONLY",
                "subnetwork": "https://www.googleapis.com/compute/v1/projects/fresh-waters-458716-e1/regions/us-east4/subnetworks/subnet-1",
                "subnetwork_project": "fresh-waters-458716-e1"
              }
            ],
            "network_performance_config": [],
            "params": [],
            "project": "fresh-waters-458716-e1",
            "reservation_affinity": [],
            "resource_policies": [],
            "scheduling": [
              {
                "automatic_restart": true,
                "availability_domain": 0,
                "instance_termination_action": "",
                "local_ssd_recovery_timeout": [],
                "max_run_duration": [],
                "min_node_cpus": 0,
                "node_affinities": [],
                "on_host_maintenance": "MIGRATE",
                "on_instance_stop_action": [],
                "preemptible": false,
                "provisioning_model": "STANDARD",
                "termination_time": ""
              }
            ],
            "scratch_disk": [],
            "self_link": "https://www.googleapis.com/compute/v1/projects/fresh-waters-458716-e1/zones/us-east4-b/instances/snmp-server",
            "service_account": [],
            "shielded_instance_config": [
              {
                "enable_integrity_monitoring": true,
                "enable_secure_boot": false,
                "enable_vtpm": true
              }
            ],
            "tags": [
              "snmp-server"
            ],
            "tags_fingerprint": "LPLr2bStLps=",
            "terraform_labels": {
              "goog-terraform-provisioned": "true"
            },
            "timeouts": null,
            "zone": "us-east4-b"
          },
          "sensitive_attributes": [
            [
              {
                "type": "get_attr",
                "value": "boot_disk"
              },
              {
                "type": "index",
                "value": {
                  "value": 0,
                  "type": "number"
                }
              },
              {
                "type": "get_attr",
                "value": "disk_encryption_key_rsa"
              }
            ],
            [
              {
                "type": "get_attr",
                "value": "boot_disk"
              },
              {
                "type": "index",
                "value": {
                  "value": 0,
                  "type": "number"
                }
              },
              {
                "type": "get_attr",
                "value": "disk_encryption_key_raw"
              }
            ]
          ],
          "private": "eyJlMmJmYjczMC1lY2FhLTExZTYtOGY4OC0zNDM2M2JjN2M0YzAiOnsiY3JlYXRlIjoxMjAwMDAwMDAwMDAwLCJkZWxldGUiOjEyMDAwMDAwMDAwMDAsInVwZGF0ZSI6MTIwMDAwMDAwMDAwMH0sInNjaGVtYV92ZXJzaW9uIjoiNiJ9",
          "dependencies": [
            "data.google_compute_network.vpc",
            "data.google_compute_subnetwork.subnet"
          ]
        }
      ]
    }
  ],
  "check_results": null
}
